// !$*UTF8*$!
{
	archiveVersion = 1;
	classes = {
	};
	objectVersion = 50;
	objects = {

/* Begin PBXBuildFile section */
		BF23C0122485256600F1432D /* Assets.xcassets in Resources */ = {isa = PBXBuildFile; fileRef = BF23C0112485256600F1432D /* Assets.xcassets */; };
		BF23C0152485256600F1432D /* LaunchScreen.storyboard in Resources */ = {isa = PBXBuildFile; fileRef = BF23C0132485256600F1432D /* LaunchScreen.storyboard */; };
		BF23C01E2485262600F1432D /* FeedViewController.swift in Sources */ = {isa = PBXBuildFile; fileRef = BF23C01D2485262600F1432D /* FeedViewController.swift */; };
		BF23C0212485269E00F1432D /* FeedLoader.swift in Sources */ = {isa = PBXBuildFile; fileRef = BF23C0202485269E00F1432D /* FeedLoader.swift */; };
		BF23C0242485271300F1432D /* RemoteFeedLoader.swift in Sources */ = {isa = PBXBuildFile; fileRef = BF23C0232485271300F1432D /* RemoteFeedLoader.swift */; };
		BF23C0272485276D00F1432D /* LocalFeedLoader.swift in Sources */ = {isa = PBXBuildFile; fileRef = BF23C0262485276D00F1432D /* LocalFeedLoader.swift */; };
/* End PBXBuildFile section */

/* Begin PBXFileReference section */
		BF23C0052485256300F1432D /* DiagramsIntoCode.app */ = {isa = PBXFileReference; explicitFileType = wrapper.application; includeInIndex = 0; path = DiagramsIntoCode.app; sourceTree = BUILT_PRODUCTS_DIR; };
		BF23C0112485256600F1432D /* Assets.xcassets */ = {isa = PBXFileReference; lastKnownFileType = folder.assetcatalog; path = Assets.xcassets; sourceTree = "<group>"; };
		BF23C0142485256600F1432D /* Base */ = {isa = PBXFileReference; lastKnownFileType = file.storyboard; name = Base; path = Base.lproj/LaunchScreen.storyboard; sourceTree = "<group>"; };
		BF23C0162485256600F1432D /* Info.plist */ = {isa = PBXFileReference; lastKnownFileType = text.plist.xml; path = Info.plist; sourceTree = "<group>"; };
		BF23C01D2485262600F1432D /* FeedViewController.swift */ = {isa = PBXFileReference; lastKnownFileType = sourcecode.swift; path = FeedViewController.swift; sourceTree = "<group>"; };
		BF23C0202485269E00F1432D /* FeedLoader.swift */ = {isa = PBXFileReference; lastKnownFileType = sourcecode.swift; path = FeedLoader.swift; sourceTree = "<group>"; };
		BF23C0232485271300F1432D /* RemoteFeedLoader.swift */ = {isa = PBXFileReference; lastKnownFileType = sourcecode.swift; path = RemoteFeedLoader.swift; sourceTree = "<group>"; };
		BF23C0262485276D00F1432D /* LocalFeedLoader.swift */ = {isa = PBXFileReference; lastKnownFileType = sourcecode.swift; path = LocalFeedLoader.swift; sourceTree = "<group>"; };
/* End PBXFileReference section */

/* Begin PBXFrameworksBuildPhase section */
		BF23C0022485256300F1432D /* Frameworks */ = {
			isa = PBXFrameworksBuildPhase;
			buildActionMask = 2147483647;
			files = (
			);
			runOnlyForDeploymentPostprocessing = 0;
		};
/* End PBXFrameworksBuildPhase section */

/* Begin PBXGroup section */
		BF23BFFC2485256300F1432D = {
			isa = PBXGroup;
			children = (
				BF23C0072485256300F1432D /* DiagramsIntoCode */,
				BF23C0062485256300F1432D /* Products */,
			);
			sourceTree = "<group>";
		};
		BF23C0062485256300F1432D /* Products */ = {
			isa = PBXGroup;
			children = (
				BF23C0052485256300F1432D /* DiagramsIntoCode.app */,
			);
			name = Products;
			sourceTree = "<group>";
		};
		BF23C0072485256300F1432D /* DiagramsIntoCode */ = {
			isa = PBXGroup;
			children = (
				BF23C0252485275700F1432D /* Database */,
				BF23C022248526FD00F1432D /* API */,
				BF23C01F2485268200F1432D /* Feed Feature */,
				BF23C01C2485260200F1432D /* UI */,
				BF23C0112485256600F1432D /* Assets.xcassets */,
				BF23C0132485256600F1432D /* LaunchScreen.storyboard */,
				BF23C0162485256600F1432D /* Info.plist */,
			);
			path = DiagramsIntoCode;
			sourceTree = "<group>";
		};
		BF23C01C2485260200F1432D /* UI */ = {
			isa = PBXGroup;
			children = (
				BF23C01D2485262600F1432D /* FeedViewController.swift */,
			);
			path = UI;
			sourceTree = "<group>";
		};
		BF23C01F2485268200F1432D /* Feed Feature */ = {
			isa = PBXGroup;
			children = (
				BF23C0202485269E00F1432D /* FeedLoader.swift */,
			);
			path = "Feed Feature";
			sourceTree = "<group>";
		};
		BF23C022248526FD00F1432D /* API */ = {
			isa = PBXGroup;
			children = (
				BF23C0232485271300F1432D /* RemoteFeedLoader.swift */,
			);
			path = API;
			sourceTree = "<group>";
		};
		BF23C0252485275700F1432D /* Database */ = {
			isa = PBXGroup;
			children = (
				BF23C0262485276D00F1432D /* LocalFeedLoader.swift */,
			);
			path = Database;
			sourceTree = "<group>";
		};
/* End PBXGroup section */

/* Begin PBXNativeTarget section */
		BF23C0042485256300F1432D /* DiagramsIntoCode */ = {
			isa = PBXNativeTarget;
			buildConfigurationList = BF23C0192485256600F1432D /* Build configuration list for PBXNativeTarget "DiagramsIntoCode" */;
			buildPhases = (
				BF23C0012485256300F1432D /* Sources */,
				BF23C0022485256300F1432D /* Frameworks */,
				BF23C0032485256300F1432D /* Resources */,
			);
			buildRules = (
			);
			dependencies = (
			);
			name = DiagramsIntoCode;
			productName = DiagramsIntoCode;
			productReference = BF23C0052485256300F1432D /* DiagramsIntoCode.app */;
			productType = "com.apple.product-type.application";
		};
/* End PBXNativeTarget section */

/* Begin PBXProject section */
		BF23BFFD2485256300F1432D /* Project object */ = {
			isa = PBXProject;
			attributes = {
				LastSwiftUpdateCheck = 1150;
				LastUpgradeCheck = 1150;
				ORGANIZATIONNAME = "Ana Leticia Camargos";
				TargetAttributes = {
					BF23C0042485256300F1432D = {
						CreatedOnToolsVersion = 11.5;
						LastSwiftMigration = 1150;
					};
				};
			};
			buildConfigurationList = BF23C0002485256300F1432D /* Build configuration list for PBXProject "DiagramsIntoCode" */;
			compatibilityVersion = "Xcode 9.3";
			developmentRegion = en;
			hasScannedForEncodings = 0;
			knownRegions = (
				en,
				Base,
			);
			mainGroup = BF23BFFC2485256300F1432D;
			productRefGroup = BF23C0062485256300F1432D /* Products */;
			projectDirPath = "";
			projectRoot = "";
			targets = (
				BF23C0042485256300F1432D /* DiagramsIntoCode */,
			);
		};
/* End PBXProject section */

/* Begin PBXResourcesBuildPhase section */
		BF23C0032485256300F1432D /* Resources */ = {
			isa = PBXResourcesBuildPhase;
			buildActionMask = 2147483647;
			files = (
				BF23C0152485256600F1432D /* LaunchScreen.storyboard in Resources */,
				BF23C0122485256600F1432D /* Assets.xcassets in Resources */,
			);
			runOnlyForDeploymentPostprocessing = 0;
		};
/* End PBXResourcesBuildPhase section */

/* Begin PBXSourcesBuildPhase section */
		BF23C0012485256300F1432D /* Sources */ = {
			isa = PBXSourcesBuildPhase;
			buildActionMask = 2147483647;
			files = (
				BF23C0212485269E00F1432D /* FeedLoader.swift in Sources */,
				BF23C0242485271300F1432D /* RemoteFeedLoader.swift in Sources */,
				BF23C0272485276D00F1432D /* LocalFeedLoader.swift in Sources */,
				BF23C01E2485262600F1432D /* FeedViewController.swift in Sources */,
			);
			runOnlyForDeploymentPostprocessing = 0;
		};
/* End PBXSourcesBuildPhase section */

/* Begin PBXVariantGroup section */
		BF23C0132485256600F1432D /* LaunchScreen.storyboard */ = {
			isa = PBXVariantGroup;
			children = (
				BF23C0142485256600F1432D /* Base */,
			);
			name = LaunchScreen.storyboard;
			sourceTree = "<group>";
		};
/* End PBXVariantGroup section */

/* Begin XCBuildConfiguration section */
		BF23C0172485256600F1432D /* Debug */ = {
			isa = XCBuildConfiguration;
			buildSettings = {
				ALWAYS_SEARCH_USER_PATHS = NO;
				CLANG_ANALYZER_NONNULL = YES;
				CLANG_ANALYZER_NUMBER_OBJECT_CONVERSION = YES_AGGRESSIVE;
				CLANG_CXX_LANGUAGE_STANDARD = "gnu++14";
				CLANG_CXX_LIBRARY = "libc++";
				CLANG_ENABLE_MODULES = YES;
				CLANG_ENABLE_OBJC_ARC = YES;
				CLANG_ENABLE_OBJC_WEAK = YES;
				CLANG_WARN_BLOCK_CAPTURE_AUTORELEASING = YES;
				CLANG_WARN_BOOL_CONVERSION = YES;
				CLANG_WARN_COMMA = YES;
				CLANG_WARN_CONSTANT_CONVERSION = YES;
				CLANG_WARN_DEPRECATED_OBJC_IMPLEMENTATIONS = YES;
				CLANG_WARN_DIRECT_OBJC_ISA_USAGE = YES_ERROR;
				CLANG_WARN_DOCUMENTATION_COMMENTS = YES;
				CLANG_WARN_EMPTY_BODY = YES;
				CLANG_WARN_ENUM_CONVERSION = YES;
				CLANG_WARN_INFINITE_RECURSION = YES;
				CLANG_WARN_INT_CONVERSION = YES;
				CLANG_WARN_NON_LITERAL_NULL_CONVERSION = YES;
				CLANG_WARN_OBJC_IMPLICIT_RETAIN_SELF = YES;
				CLANG_WARN_OBJC_LITERAL_CONVERSION = YES;
				CLANG_WARN_OBJC_ROOT_CLASS = YES_ERROR;
				CLANG_WARN_RANGE_LOOP_ANALYSIS = YES;
				CLANG_WARN_STRICT_PROTOTYPES = YES;
				CLANG_WARN_SUSPICIOUS_MOVE = YES;
				CLANG_WARN_UNGUARDED_AVAILABILITY = YES_AGGRESSIVE;
				CLANG_WARN_UNREACHABLE_CODE = YES;
				CLANG_WARN__DUPLICATE_METHOD_MATCH = YES;
				COPY_PHASE_STRIP = NO;
				DEBUG_INFORMATION_FORMAT = dwarf;
				ENABLE_STRICT_OBJC_MSGSEND = YES;
				ENABLE_TESTABILITY = YES;
				GCC_C_LANGUAGE_STANDARD = gnu11;
				GCC_DYNAMIC_NO_PIC = NO;
				GCC_NO_COMMON_BLOCKS = YES;
				GCC_OPTIMIZATION_LEVEL = 0;
				GCC_PREPROCESSOR_DEFINITIONS = (
					"DEBUG=1",
					"$(inherited)",
				);
				GCC_WARN_64_TO_32_BIT_CONVERSION = YES;
				GCC_WARN_ABOUT_RETURN_TYPE = YES_ERROR;
				GCC_WARN_UNDECLARED_SELECTOR = YES;
				GCC_WARN_UNINITIALIZED_AUTOS = YES_AGGRESSIVE;
				GCC_WARN_UNUSED_FUNCTION = YES;
				GCC_WARN_UNUSED_VARIABLE = YES;
				IPHONEOS_DEPLOYMENT_TARGET = 13.5;
				MTL_ENABLE_DEBUG_INFO = INCLUDE_SOURCE;
				MTL_FAST_MATH = YES;
				ONLY_ACTIVE_ARCH = YES;
				SDKROOT = iphoneos;
				SWIFT_ACTIVE_COMPILATION_CONDITIONS = DEBUG;
				SWIFT_OPTIMIZATION_LEVEL = "-Onone";
			};
			name = Debug;
		};
		BF23C0182485256600F1432D /* Release */ = {
			isa = XCBuildConfiguration;
			buildSettings = {
				ALWAYS_SEARCH_USER_PATHS = NO;
				CLANG_ANALYZER_NONNULL = YES;
				CLANG_ANALYZER_NUMBER_OBJECT_CONVERSION = YES_AGGRESSIVE;
				CLANG_CXX_LANGUAGE_STANDARD = "gnu++14";
				CLANG_CXX_LIBRARY = "libc++";
				CLANG_ENABLE_MODULES = YES;
				CLANG_ENABLE_OBJC_ARC = YES;
				CLANG_ENABLE_OBJC_WEAK = YES;
				CLANG_WARN_BLOCK_CAPTURE_AUTORELEASING = YES;
				CLANG_WARN_BOOL_CONVERSION = YES;
				CLANG_WARN_COMMA = YES;
				CLANG_WARN_CONSTANT_CONVERSION = YES;
				CLANG_WARN_DEPRECATED_OBJC_IMPLEMENTATIONS = YES;
				CLANG_WARN_DIRECT_OBJC_ISA_USAGE = YES_ERROR;
				CLANG_WARN_DOCUMENTATION_COMMENTS = YES;
				CLANG_WARN_EMPTY_BODY = YES;
				CLANG_WARN_ENUM_CONVERSION = YES;
				CLANG_WARN_INFINITE_RECURSION = YES;
				CLANG_WARN_INT_CONVERSION = YES;
				CLANG_WARN_NON_LITERAL_NULL_CONVERSION = YES;
				CLANG_WARN_OBJC_IMPLICIT_RETAIN_SELF = YES;
				CLANG_WARN_OBJC_LITERAL_CONVERSION = YES;
				CLANG_WARN_OBJC_ROOT_CLASS = YES_ERROR;
				CLANG_WARN_RANGE_LOOP_ANALYSIS = YES;
				CLANG_WARN_STRICT_PROTOTYPES = YES;
				CLANG_WARN_SUSPICIOUS_MOVE = YES;
				CLANG_WARN_UNGUARDED_AVAILABILITY = YES_AGGRESSIVE;
				CLANG_WARN_UNREACHABLE_CODE = YES;
				CLANG_WARN__DUPLICATE_METHOD_MATCH = YES;
				COPY_PHASE_STRIP = NO;
				DEBUG_INFORMATION_FORMAT = "dwarf-with-dsym";
				ENABLE_NS_ASSERTIONS = NO;
				ENABLE_STRICT_OBJC_MSGSEND = YES;
				GCC_C_LANGUAGE_STANDARD = gnu11;
				GCC_NO_COMMON_BLOCKS = YES;
				GCC_WARN_64_TO_32_BIT_CONVERSION = YES;
				GCC_WARN_ABOUT_RETURN_TYPE = YES_ERROR;
				GCC_WARN_UNDECLARED_SELECTOR = YES;
				GCC_WARN_UNINITIALIZED_AUTOS = YES_AGGRESSIVE;
				GCC_WARN_UNUSED_FUNCTION = YES;
				GCC_WARN_UNUSED_VARIABLE = YES;
				IPHONEOS_DEPLOYMENT_TARGET = 13.5;
				MTL_ENABLE_DEBUG_INFO = NO;
				MTL_FAST_MATH = YES;
				SDKROOT = iphoneos;
				SWIFT_COMPILATION_MODE = wholemodule;
				SWIFT_OPTIMIZATION_LEVEL = "-O";
				VALIDATE_PRODUCT = YES;
			};
			name = Release;
		};
		BF23C01A2485256600F1432D /* Debug */ = {
			isa = XCBuildConfiguration;
			buildSettings = {
				ASSETCATALOG_COMPILER_APPICON_NAME = AppIcon;
				CLANG_ENABLE_MODULES = YES;
				CODE_SIGN_STYLE = Automatic;
				DEVELOPMENT_TEAM = ZR4HDJL2Y8;
				INFOPLIST_FILE = DiagramsIntoCode/Info.plist;
				LD_RUNPATH_SEARCH_PATHS = (
					"$(inherited)",
					"@executable_path/Frameworks",
				);
				PRODUCT_BUNDLE_IDENTIFIER = com.ana.DiagramsIntoCode;
				PRODUCT_NAME = "$(TARGET_NAME)";
				SWIFT_OPTIMIZATION_LEVEL = "-Onone";
				SWIFT_VERSION = 5.0;
				TARGETED_DEVICE_FAMILY = "1,2";
			};
			name = Debug;
		};
		BF23C01B2485256600F1432D /* Release */ = {
			isa = XCBuildConfiguration;
			buildSettings = {
				ASSETCATALOG_COMPILER_APPICON_NAME = AppIcon;
				CLANG_ENABLE_MODULES = YES;
				CODE_SIGN_STYLE = Automatic;
				DEVELOPMENT_TEAM = ZR4HDJL2Y8;
				INFOPLIST_FILE = DiagramsIntoCode/Info.plist;
				LD_RUNPATH_SEARCH_PATHS = (
					"$(inherited)",
					"@executable_path/Frameworks",
				);
				PRODUCT_BUNDLE_IDENTIFIER = com.ana.DiagramsIntoCode;
				PRODUCT_NAME = "$(TARGET_NAME)";
				SWIFT_VERSION = 5.0;
				TARGETED_DEVICE_FAMILY = "1,2";
			};
			name = Release;
		};
/* End XCBuildConfiguration section */

/* Begin XCConfigurationList section */
		BF23C0002485256300F1432D /* Build configuration list for PBXProject "DiagramsIntoCode" */ = {
			isa = XCConfigurationList;
			buildConfigurations = (
				BF23C0172485256600F1432D /* Debug */,
				BF23C0182485256600F1432D /* Release */,
			);
			defaultConfigurationIsVisible = 0;
			defaultConfigurationName = Release;
		};
		BF23C0192485256600F1432D /* Build configuration list for PBXNativeTarget "DiagramsIntoCode" */ = {
			isa = XCConfigurationList;
			buildConfigurations = (
				BF23C01A2485256600F1432D /* Debug */,
				BF23C01B2485256600F1432D /* Release */,
			);
			defaultConfigurationIsVisible = 0;
			defaultConfigurationName = Release;
		};
/* End XCConfigurationList section */
	};
	rootObject = BF23BFFD2485256300F1432D /* Project object */;
}
